
Microsoft Visual Studio Solution File, Format Version 12.00
# Visual Studio Version 17
VisualStudioVersion = 17.8.34511.84
MinimumVisualStudioVersion = 10.0.40219.1
Project("{FAE04EC0-301F-11D3-BF4B-00C04F79EFBC}") = "CW_MovieApp", "CW_MovieApp\CW_MovieApp.csproj", "{ABA622AD-56AC-4F01-89D6-5B6CB09F741C}"
EndProject
Global
	GlobalSection(SolutionConfigurationPlatforms) = preSolution
		Debug|Any CPU = Debug|Any CPU
		Release|Any CPU = Release|Any CPU
	EndGlobalSection
	GlobalSection(ProjectConfigurationPlatforms) = postSolution
		{ABA622AD-56AC-4F01-89D6-5B6CB09F741C}.Debug|Any CPU.ActiveCfg = Debug|Any CPU
		{ABA622AD-56AC-4F01-89D6-5B6CB09F741C}.Debug|Any CPU.Build.0 = Debug|Any CPU
		{ABA622AD-56AC-4F01-89D6-5B6CB09F741C}.Release|Any CPU.ActiveCfg = Release|Any CPU
		{ABA622AD-56AC-4F01-89D6-5B6CB09F741C}.Release|Any CPU.Build.0 = Release|Any CPU
	EndGlobalSection
	GlobalSection(SolutionProperties) = preSolution
		HideSolutionNode = FALSE
	EndGlobalSection
	GlobalSection(ExtensibilityGlobals) = postSolution
		SolutionGuid = {3828204E-5C9F-410F-8DF3-5346B7158CD8}
	EndGlobalSection
EndGlobal
